
Microsoft Visual Studio Solution File, Format Version 12.00
# Visual Studio 2012
Project("{FAE04EC0-301F-11D3-BF4B-00C04F79EFBC}") = "BKS", "BKS\BKS.csproj", "{2DADB3AE-F7E3-4D48-A41D-72F4AA582100}"
EndProject
Project("{FAE04EC0-301F-11D3-BF4B-00C04F79EFBC}") = "BKSUSBDriver", "BKSUSBDriver\BKSUSBDriver.csproj", "{CAC9A4B0-06F4-4FE4-AC28-59083422AF4D}"
EndProject
Global
	GlobalSection(SolutionConfigurationPlatforms) = preSolution
		Debug|Any CPU = Debug|Any CPU
		Release|Any CPU = Release|Any CPU
	EndGlobalSection
	GlobalSection(ProjectConfigurationPlatforms) = postSolution
		{2DADB3AE-F7E3-4D48-A41D-72F4AA582100}.Debug|Any CPU.ActiveCfg = Debug|Any CPU
		{2DADB3AE-F7E3-4D48-A41D-72F4AA582100}.Debug|Any CPU.Build.0 = Debug|Any CPU
		{2DADB3AE-F7E3-4D48-A41D-72F4AA582100}.Release|Any CPU.ActiveCfg = Release|Any CPU
		{2DADB3AE-F7E3-4D48-A41D-72F4AA582100}.Release|Any CPU.Build.0 = Release|Any CPU
		{CAC9A4B0-06F4-4FE4-AC28-59083422AF4D}.Debug|Any CPU.ActiveCfg = Debug|Any CPU
		{CAC9A4B0-06F4-4FE4-AC28-59083422AF4D}.Debug|Any CPU.Build.0 = Debug|Any CPU
		{CAC9A4B0-06F4-4FE4-AC28-59083422AF4D}.Release|Any CPU.ActiveCfg = Release|Any CPU
		{CAC9A4B0-06F4-4FE4-AC28-59083422AF4D}.Release|Any CPU.Build.0 = Release|Any CPU
	EndGlobalSection
	GlobalSection(SolutionProperties) = preSolution
		HideSolutionNode = FALSE
	EndGlobalSection
EndGlobal
